
Microsoft Visual Studio Solution File, Format Version 12.00
# Visual Studio Version 17
VisualStudioVersion = 17.6.33723.286
MinimumVisualStudioVersion = 10.0.40219.1
Project("{FAE04EC0-301F-11D3-BF4B-00C04F79EFBC}") = "Taller2_Matrices", "Taller1\Taller2_Matrices.csproj", "{CC0D7860-0172-44AF-AC30-E6606F1F9804}"
EndProject
Project("{FAE04EC0-301F-11D3-BF4B-00C04F79EFBC}") = "Taller1Tests", "Taller1Tests\Taller1Tests.csproj", "{E81F296C-476F-4A35-BA70-1E8AD6D98DEE}"
EndProject
Global
	GlobalSection(SolutionConfigurationPlatforms) = preSolution
		Debug|Any CPU = Debug|Any CPU
		Release|Any CPU = Release|Any CPU
	EndGlobalSection
	GlobalSection(ProjectConfigurationPlatforms) = postSolution
		{CC0D7860-0172-44AF-AC30-E6606F1F9804}.Debug|Any CPU.ActiveCfg = Debug|Any CPU
		{CC0D7860-0172-44AF-AC30-E6606F1F9804}.Debug|Any CPU.Build.0 = Debug|Any CPU
		{CC0D7860-0172-44AF-AC30-E6606F1F9804}.Release|Any CPU.ActiveCfg = Release|Any CPU
		{CC0D7860-0172-44AF-AC30-E6606F1F9804}.Release|Any CPU.Build.0 = Release|Any CPU
		{E81F296C-476F-4A35-BA70-1E8AD6D98DEE}.Debug|Any CPU.ActiveCfg = Debug|Any CPU
		{E81F296C-476F-4A35-BA70-1E8AD6D98DEE}.Debug|Any CPU.Build.0 = Debug|Any CPU
		{E81F296C-476F-4A35-BA70-1E8AD6D98DEE}.Release|Any CPU.ActiveCfg = Release|Any CPU
		{E81F296C-476F-4A35-BA70-1E8AD6D98DEE}.Release|Any CPU.Build.0 = Release|Any CPU
	EndGlobalSection
	GlobalSection(SolutionProperties) = preSolution
		HideSolutionNode = FALSE
	EndGlobalSection
	GlobalSection(ExtensibilityGlobals) = postSolution
		SolutionGuid = {8EF62CB7-557A-4363-9BB9-77F0E66F2E9C}
	EndGlobalSection
EndGlobal
